
Microsoft Visual Studio Solution File, Format Version 12.00
# Visual Studio Version 17
VisualStudioVersion = 17.1.32319.34
MinimumVisualStudioVersion = 10.0.40219.1
Project("{FAE04EC0-301F-11D3-BF4B-00C04F79EFBC}") = "WebApplication1", "WebApplication1.csproj", "{388494C1-556E-4EEC-A417-8B24E5B18D76}"
EndProject
Global
	GlobalSection(SolutionConfigurationPlatforms) = preSolution
		Debug|Any CPU = Debug|Any CPU
		Release|Any CPU = Release|Any CPU
	EndGlobalSection
	GlobalSection(ProjectConfigurationPlatforms) = postSolution
		{388494C1-556E-4EEC-A417-8B24E5B18D76}.Debug|Any CPU.ActiveCfg = Debug|Any CPU
		{388494C1-556E-4EEC-A417-8B24E5B18D76}.Debug|Any CPU.Build.0 = Debug|Any CPU
		{388494C1-556E-4EEC-A417-8B24E5B18D76}.Release|Any CPU.ActiveCfg = Release|Any CPU
		{388494C1-556E-4EEC-A417-8B24E5B18D76}.Release|Any CPU.Build.0 = Release|Any CPU
	EndGlobalSection
	GlobalSection(SolutionProperties) = preSolution
		HideSolutionNode = FALSE
	EndGlobalSection
	GlobalSection(ExtensibilityGlobals) = postSolution
		SolutionGuid = {F4265839-4DDD-4F8D-8318-470A5C8474BF}
	EndGlobalSection
EndGlobal
